
Microsoft Visual Studio Solution File, Format Version 12.00
# Visual Studio Version 16
VisualStudioVersion = 16.0.31019.35
MinimumVisualStudioVersion = 10.0.40219.1
Project("{9A19103F-16F7-4668-BE54-9A1E7A4F7556}") = "jeudontestleheros.Web.UI1", "jeudontestleheros.Web.UI\jeudontestleheros.Web.UI1.csproj", "{01D1B3F5-CF1A-49CB-957B-1C4350A5D463}"
EndProject
Project("{2150E333-8FDC-42A3-9474-1A3956D46DE8}") = "Exemples", "Exemples", "{1EF1BA97-86BC-41BC-B8FE-BE4CD79F3D31}"
EndProject
Project("{9A19103F-16F7-4668-BE54-9A1E7A4F7556}") = "jeudontonestleheros.Web.UI", "jeudontonestleheros.Web.UI\jeudontonestleheros.Web.UI.csproj", "{E4126D43-5F37-4E33-8F26-6919F1FA897A}"
EndProject
Project("{9A19103F-16F7-4668-BE54-9A1E7A4F7556}") = "DecouvertForeach", "DecouvertForeach\DecouvertForeach.csproj", "{9D877D14-3C27-4E6E-99CC-B96336941115}"
EndProject
Project("{9A19103F-16F7-4668-BE54-9A1E7A4F7556}") = "jeuxdontonestlehero.Core.Data", "jeuxdontonestlehero.Core.Data\jeuxdontonestlehero.Core.Data.csproj", "{692F37A2-2454-4140-8472-83AAD704214D}"
EndProject
Project("{2150E333-8FDC-42A3-9474-1A3956D46DE8}") = "Libs", "Libs", "{663A5E7C-A0A6-4B3C-9829-2047665A42FC}"
EndProject
Project("{9A19103F-16F7-4668-BE54-9A1E7A4F7556}") = "jeudontonestlehero.backoffice.Web.UI", "jeudontonestlehero.backoffice.Web.UI\jeudontonestlehero.backoffice.Web.UI.csproj", "{4805545E-1F92-4934-86CC-277FFDA53355}"
EndProject
Project("{FAE04EC0-301F-11D3-BF4B-00C04F79EFBC}") = "MesPremiersTestsAvecEntitiesCodeFirst", "MesPremiersTestsAvecEntitiesCodeFirst\MesPremiersTestsAvecEntitiesCodeFirst.csproj", "{162E683C-5E03-456D-A255-14F10ADB5C89}"
EndProject
Global
	GlobalSection(SolutionConfigurationPlatforms) = preSolution
		Debug|Any CPU = Debug|Any CPU
		Release|Any CPU = Release|Any CPU
	EndGlobalSection
	GlobalSection(ProjectConfigurationPlatforms) = postSolution
		{01D1B3F5-CF1A-49CB-957B-1C4350A5D463}.Debug|Any CPU.ActiveCfg = Debug|Any CPU
		{01D1B3F5-CF1A-49CB-957B-1C4350A5D463}.Debug|Any CPU.Build.0 = Debug|Any CPU
		{01D1B3F5-CF1A-49CB-957B-1C4350A5D463}.Release|Any CPU.ActiveCfg = Release|Any CPU
		{01D1B3F5-CF1A-49CB-957B-1C4350A5D463}.Release|Any CPU.Build.0 = Release|Any CPU
		{E4126D43-5F37-4E33-8F26-6919F1FA897A}.Debug|Any CPU.ActiveCfg = Debug|Any CPU
		{E4126D43-5F37-4E33-8F26-6919F1FA897A}.Debug|Any CPU.Build.0 = Debug|Any CPU
		{E4126D43-5F37-4E33-8F26-6919F1FA897A}.Release|Any CPU.ActiveCfg = Release|Any CPU
		{E4126D43-5F37-4E33-8F26-6919F1FA897A}.Release|Any CPU.Build.0 = Release|Any CPU
		{9D877D14-3C27-4E6E-99CC-B96336941115}.Debug|Any CPU.ActiveCfg = Debug|Any CPU
		{9D877D14-3C27-4E6E-99CC-B96336941115}.Debug|Any CPU.Build.0 = Debug|Any CPU
		{9D877D14-3C27-4E6E-99CC-B96336941115}.Release|Any CPU.ActiveCfg = Release|Any CPU
		{9D877D14-3C27-4E6E-99CC-B96336941115}.Release|Any CPU.Build.0 = Release|Any CPU
		{692F37A2-2454-4140-8472-83AAD704214D}.Debug|Any CPU.ActiveCfg = Debug|Any CPU
		{692F37A2-2454-4140-8472-83AAD704214D}.Debug|Any CPU.Build.0 = Debug|Any CPU
		{692F37A2-2454-4140-8472-83AAD704214D}.Release|Any CPU.ActiveCfg = Release|Any CPU
		{692F37A2-2454-4140-8472-83AAD704214D}.Release|Any CPU.Build.0 = Release|Any CPU
		{4805545E-1F92-4934-86CC-277FFDA53355}.Debug|Any CPU.ActiveCfg = Debug|Any CPU
		{4805545E-1F92-4934-86CC-277FFDA53355}.Debug|Any CPU.Build.0 = Debug|Any CPU
		{4805545E-1F92-4934-86CC-277FFDA53355}.Release|Any CPU.ActiveCfg = Release|Any CPU
		{4805545E-1F92-4934-86CC-277FFDA53355}.Release|Any CPU.Build.0 = Release|Any CPU
		{162E683C-5E03-456D-A255-14F10ADB5C89}.Debug|Any CPU.ActiveCfg = Debug|Any CPU
		{162E683C-5E03-456D-A255-14F10ADB5C89}.Debug|Any CPU.Build.0 = Debug|Any CPU
		{162E683C-5E03-456D-A255-14F10ADB5C89}.Release|Any CPU.ActiveCfg = Release|Any CPU
		{162E683C-5E03-456D-A255-14F10ADB5C89}.Release|Any CPU.Build.0 = Release|Any CPU
	EndGlobalSection
	GlobalSection(SolutionProperties) = preSolution
		HideSolutionNode = FALSE
	EndGlobalSection
	GlobalSection(NestedProjects) = preSolution
		{01D1B3F5-CF1A-49CB-957B-1C4350A5D463} = {1EF1BA97-86BC-41BC-B8FE-BE4CD79F3D31}
		{9D877D14-3C27-4E6E-99CC-B96336941115} = {1EF1BA97-86BC-41BC-B8FE-BE4CD79F3D31}
		{692F37A2-2454-4140-8472-83AAD704214D} = {663A5E7C-A0A6-4B3C-9829-2047665A42FC}
		{162E683C-5E03-456D-A255-14F10ADB5C89} = {1EF1BA97-86BC-41BC-B8FE-BE4CD79F3D31}
	EndGlobalSection
	GlobalSection(ExtensibilityGlobals) = postSolution
		SolutionGuid = {982755DD-79EC-4353-BCE0-74F90097D304}
	EndGlobalSection
EndGlobal
